
Microsoft Visual Studio Solution File, Format Version 12.00
# Visual Studio Version 16
VisualStudioVersion = 16.0.30611.23
MinimumVisualStudioVersion = 10.0.40219.1
Project("{FAE04EC0-301F-11D3-BF4B-00C04F79EFBC}") = "ProyectoProgra5.UI", "ProyectoProgra5.UI.csproj", "{EAB75A56-EFB5-4CAF-8011-894520F61C6A}"
EndProject
Global
	GlobalSection(SolutionConfigurationPlatforms) = preSolution
		Debug|Any CPU = Debug|Any CPU
		Release|Any CPU = Release|Any CPU
	EndGlobalSection
	GlobalSection(ProjectConfigurationPlatforms) = postSolution
		{EAB75A56-EFB5-4CAF-8011-894520F61C6A}.Debug|Any CPU.ActiveCfg = Debug|Any CPU
		{EAB75A56-EFB5-4CAF-8011-894520F61C6A}.Debug|Any CPU.Build.0 = Debug|Any CPU
		{EAB75A56-EFB5-4CAF-8011-894520F61C6A}.Release|Any CPU.ActiveCfg = Release|Any CPU
		{EAB75A56-EFB5-4CAF-8011-894520F61C6A}.Release|Any CPU.Build.0 = Release|Any CPU
	EndGlobalSection
	GlobalSection(SolutionProperties) = preSolution
		HideSolutionNode = FALSE
	EndGlobalSection
	GlobalSection(ExtensibilityGlobals) = postSolution
		SolutionGuid = {5AC02165-D565-4848-8368-C068F96F7A76}
	EndGlobalSection
EndGlobal
